<?xml version="1.0" encoding="utf-8"?>
<Project ToolsVersion="4.0" xmlns="http://schemas.microsoft.com/developer/msbuild/2003">
  <ItemGroup>
    <Filter Include="WMLMath">
      <UniqueIdentifier>{7b4fb0cb-5c06-448b-bbc0-05cd98a289ab}</UniqueIdentifier>
    </Filter>
    <Filter Include="WMLNumerics">
      <UniqueIdentifier>{72844fba-d283-485d-82dc-b0d6bbee427d}</UniqueIdentifier>
    </Filter>
    <Filter Include="WMLSystem">
      <UniqueIdentifier>{ec75271b-f5a1-4804-952c-69f0d9561640}</UniqueIdentifier>
    </Filter>
  </ItemGroup>
  <ItemGroup>
    <ClCompile Include="Math\WmlBandedMatrix.cpp">
      <Filter>WMLMath</Filter>
    </ClCompile>
    <ClCompile Include="Math\WmlGMatrix.cpp">
      <Filter>WMLMath</Filter>
    </ClCompile>
    <ClCompile Include="Math\WmlGVector.cpp">
      <Filter>WMLMath</Filter>
    </ClCompile>
    <ClCompile Include="Math\WmlMath.cpp">
      <Filter>WMLMath</Filter>
    </ClCompile>
    <ClCompile Include="Math\WmlMatrix2.cpp">
      <Filter>WMLMath</Filter>
    </ClCompile>
    <ClCompile Include="Math\WmlMatrix3.cpp">
      <Filter>WMLMath</Filter>
    </ClCompile>
    <ClCompile Include="Math\WmlMatrix4.cpp">
      <Filter>WMLMath</Filter>
    </ClCompile>
    <ClCompile Include="Math\WmlPoint2.cpp">
      <Filter>WMLMath</Filter>
    </ClCompile>
    <ClCompile Include="Math\WmlPoint3.cpp">
      <Filter>WMLMath</Filter>
    </ClCompile>
    <ClCompile Include="Math\WmlPoint4.cpp">
      <Filter>WMLMath</Filter>
    </ClCompile>
    <ClCompile Include="Math\WmlPolynomial1.cpp">
      <Filter>WMLMath</Filter>
    </ClCompile>
    <ClCompile Include="Math\WmlQuaternion.cpp">
      <Filter>WMLMath</Filter>
    </ClCompile>
    <ClCompile Include="Math\WmlVector2.cpp">
      <Filter>WMLMath</Filter>
    </ClCompile>
    <ClCompile Include="Math\WmlVector3.cpp">
      <Filter>WMLMath</Filter>
    </ClCompile>
    <ClCompile Include="Math\WmlVector4.cpp">
      <Filter>WMLMath</Filter>
    </ClCompile>
    <ClCompile Include="Numerics\WmlLinearSystem.cpp">
      <Filter>WMLNumerics</Filter>
    </ClCompile>
    <ClCompile Include="System\WmlCommand.cpp">
      <Filter>WMLSystem</Filter>
    </ClCompile>
    <ClCompile Include="System\WmlSystem.cpp">
      <Filter>WMLSystem</Filter>
    </ClCompile>
    <ClCompile Include="System\WmlWinSystem.cpp">
      <Filter>WMLSystem</Filter>
    </ClCompile>
  </ItemGroup>
  <ItemGroup>
    <ClInclude Include="Math\WmlBandedMatrix.h">
      <Filter>WMLMath</Filter>
    </ClInclude>
    <ClInclude Include="Math\WmlGMatrix.h">
      <Filter>WMLMath</Filter>
    </ClInclude>
    <ClInclude Include="Math\WmlGVector.h">
      <Filter>WMLMath</Filter>
    </ClInclude>
    <ClInclude Include="Math\WmlMath.h">
      <Filter>WMLMath</Filter>
    </ClInclude>
    <ClInclude Include="Math\WmlMatrix.h">
      <Filter>WMLMath</Filter>
    </ClInclude>
    <ClInclude Include="Math\WmlMatrix2.h">
      <Filter>WMLMath</Filter>
    </ClInclude>
    <ClInclude Include="Math\WmlMatrix3.h">
      <Filter>WMLMath</Filter>
    </ClInclude>
    <ClInclude Include="Math\WmlMatrix4.h">
      <Filter>WMLMath</Filter>
    </ClInclude>
    <ClInclude Include="Math\WmlPoint.h">
      <Filter>WMLMath</Filter>
    </ClInclude>
    <ClInclude Include="Math\WmlPoint2.h">
      <Filter>WMLMath</Filter>
    </ClInclude>
    <ClInclude Include="Math\WmlPoint3.h">
      <Filter>WMLMath</Filter>
    </ClInclude>
    <ClInclude Include="Math\WmlPoint4.h">
      <Filter>WMLMath</Filter>
    </ClInclude>
    <ClInclude Include="Math\WmlPolynomial1.h">
      <Filter>WMLMath</Filter>
    </ClInclude>
    <ClInclude Include="Math\WmlQuaternion.h">
      <Filter>WMLMath</Filter>
    </ClInclude>
    <ClInclude Include="Math\WmlTuple.h">
      <Filter>WMLMath</Filter>
    </ClInclude>
    <ClInclude Include="Math\WmlVector.h">
      <Filter>WMLMath</Filter>
    </ClInclude>
    <ClInclude Include="Math\WmlVector2.h">
      <Filter>WMLMath</Filter>
    </ClInclude>
    <ClInclude Include="Math\WmlVector3.h">
      <Filter>WMLMath</Filter>
    </ClInclude>
    <ClInclude Include="Math\WmlVector4.h">
      <Filter>WMLMath</Filter>
    </ClInclude>
    <ClInclude Include="Numerics\WmlLinearSystem.h">
      <Filter>WMLNumerics</Filter>
    </ClInclude>
    <ClInclude Include="System\WmlCommand.h">
      <Filter>WMLSystem</Filter>
    </ClInclude>
    <ClInclude Include="System\WmlSystem.h">
      <Filter>WMLSystem</Filter>
    </ClInclude>
    <ClInclude Include="System\WmlWinSystem.h">
      <Filter>WMLSystem</Filter>
    </ClInclude>
  </ItemGroup>
  <ItemGroup>
    <None Include="Math\WmlMatrix.inl">
      <Filter>WMLMath</Filter>
    </None>
    <None Include="Math\WmlPoint.inl">
      <Filter>WMLMath</Filter>
    </None>
    <None Include="Math\WmlTuple.inl">
      <Filter>WMLMath</Filter>
    </None>
    <None Include="Math\WmlVector.inl">
      <Filter>WMLMath</Filter>
    </None>
    <None Include="System\WmlSystem.inl">
      <Filter>WMLSystem</Filter>
    </None>
    <None Include="System\WmlSystem.mcr">
      <Filter>WMLSystem</Filter>
    </None>
  </ItemGroup>
</Project>